
Microsoft Visual Studio Solution File, Format Version 12.00
# Visual Studio Version 17
VisualStudioVersion = 17.5.33627.172
MinimumVisualStudioVersion = 10.0.40219.1
Project("{FAE04EC0-301F-11D3-BF4B-00C04F79EFBC}") = "ConsoleAppForAcademy", "ConsoleAppForAcademy\ConsoleAppForAcademy.csproj", "{55742601-DBEF-4E74-B311-547EFC8B642E}"
EndProject
Global
	GlobalSection(SolutionConfigurationPlatforms) = preSolution
		Debug|Any CPU = Debug|Any CPU
		Release|Any CPU = Release|Any CPU
	EndGlobalSection
	GlobalSection(ProjectConfigurationPlatforms) = postSolution
		{55742601-DBEF-4E74-B311-547EFC8B642E}.Debug|Any CPU.ActiveCfg = Debug|Any CPU
		{55742601-DBEF-4E74-B311-547EFC8B642E}.Debug|Any CPU.Build.0 = Debug|Any CPU
		{55742601-DBEF-4E74-B311-547EFC8B642E}.Release|Any CPU.ActiveCfg = Release|Any CPU
		{55742601-DBEF-4E74-B311-547EFC8B642E}.Release|Any CPU.Build.0 = Release|Any CPU
	EndGlobalSection
	GlobalSection(SolutionProperties) = preSolution
		HideSolutionNode = FALSE
	EndGlobalSection
	GlobalSection(ExtensibilityGlobals) = postSolution
		SolutionGuid = {5ECCBB2D-D4F4-46E3-9518-633428C5FEC4}
	EndGlobalSection
EndGlobal
